
Microsoft Visual Studio Solution File, Format Version 12.00
# Visual Studio Version 17
VisualStudioVersion = 17.9.34714.143
MinimumVisualStudioVersion = 10.0.40219.1
Project("{FAE04EC0-301F-11D3-BF4B-00C04F79EFBC}") = "Business", "Business\Business.csproj", "{9434BBD6-87E9-4450-A7E9-D0EBF965BED5}"
EndProject
Project("{FAE04EC0-301F-11D3-BF4B-00C04F79EFBC}") = "Entities", "Entities\Entities.csproj", "{BC92C44A-1EF8-4226-9266-7560BB1604D4}"
EndProject
Project("{FAE04EC0-301F-11D3-BF4B-00C04F79EFBC}") = "DataAccess", "DataAccess\DataAccess.csproj", "{44354EB7-FD79-4460-A66A-03BC6E4F592E}"
EndProject
Project("{FAE04EC0-301F-11D3-BF4B-00C04F79EFBC}") = "Core", "Core\Core.csproj", "{D9B2377C-747E-4707-9E06-DE81658D3767}"
EndProject
Global
	GlobalSection(SolutionConfigurationPlatforms) = preSolution
		Debug|Any CPU = Debug|Any CPU
		Release|Any CPU = Release|Any CPU
	EndGlobalSection
	GlobalSection(ProjectConfigurationPlatforms) = postSolution
		{9434BBD6-87E9-4450-A7E9-D0EBF965BED5}.Debug|Any CPU.ActiveCfg = Debug|Any CPU
		{9434BBD6-87E9-4450-A7E9-D0EBF965BED5}.Debug|Any CPU.Build.0 = Debug|Any CPU
		{9434BBD6-87E9-4450-A7E9-D0EBF965BED5}.Release|Any CPU.ActiveCfg = Release|Any CPU
		{9434BBD6-87E9-4450-A7E9-D0EBF965BED5}.Release|Any CPU.Build.0 = Release|Any CPU
		{BC92C44A-1EF8-4226-9266-7560BB1604D4}.Debug|Any CPU.ActiveCfg = Debug|Any CPU
		{BC92C44A-1EF8-4226-9266-7560BB1604D4}.Debug|Any CPU.Build.0 = Debug|Any CPU
		{BC92C44A-1EF8-4226-9266-7560BB1604D4}.Release|Any CPU.ActiveCfg = Release|Any CPU
		{BC92C44A-1EF8-4226-9266-7560BB1604D4}.Release|Any CPU.Build.0 = Release|Any CPU
		{44354EB7-FD79-4460-A66A-03BC6E4F592E}.Debug|Any CPU.ActiveCfg = Debug|Any CPU
		{44354EB7-FD79-4460-A66A-03BC6E4F592E}.Debug|Any CPU.Build.0 = Debug|Any CPU
		{44354EB7-FD79-4460-A66A-03BC6E4F592E}.Release|Any CPU.ActiveCfg = Release|Any CPU
		{44354EB7-FD79-4460-A66A-03BC6E4F592E}.Release|Any CPU.Build.0 = Release|Any CPU
		{D9B2377C-747E-4707-9E06-DE81658D3767}.Debug|Any CPU.ActiveCfg = Debug|Any CPU
		{D9B2377C-747E-4707-9E06-DE81658D3767}.Debug|Any CPU.Build.0 = Debug|Any CPU
		{D9B2377C-747E-4707-9E06-DE81658D3767}.Release|Any CPU.ActiveCfg = Release|Any CPU
		{D9B2377C-747E-4707-9E06-DE81658D3767}.Release|Any CPU.Build.0 = Release|Any CPU
	EndGlobalSection
	GlobalSection(SolutionProperties) = preSolution
		HideSolutionNode = FALSE
	EndGlobalSection
	GlobalSection(ExtensibilityGlobals) = postSolution
		SolutionGuid = {F26A4930-0425-4CE8-81E2-3D25E13BA7B3}
	EndGlobalSection
EndGlobal
